// !$*UTF8*$!
{
	archiveVersion = 1;
	classes = {
	};
	objectVersion = 56;
	objects = {

/* Begin PBXBuildFile section */
		D6169EA029E0F36F0093AF70 /* HomeViewRow.swift in Sources */ = {isa = PBXBuildFile; fileRef = D6169E9F29E0F36F0093AF70 /* HomeViewRow.swift */; };
		D62C567C29F4607300D1032B /* TestResultView.swift in Sources */ = {isa = PBXBuildFile; fileRef = D62C567B29F4607300D1032B /* TestResultView.swift */; };
		D678983F29E1FAD800EC6E11 /* ContentView.swift in Sources */ = {isa = PBXBuildFile; fileRef = D678983E29E1FAD800EC6E11 /* ContentView.swift */; };
		D678984129E2046900EC6E11 /* ContentViewRow.swift in Sources */ = {isa = PBXBuildFile; fileRef = D678984029E2046900EC6E11 /* ContentViewRow.swift */; };
		D678984829E35EC900EC6E11 /* AVKit.framework in Frameworks */ = {isa = PBXBuildFile; fileRef = D678984729E35EC900EC6E11 /* AVKit.framework */; };
		D678984A29E35FE000EC6E11 /* Constants.swift in Sources */ = {isa = PBXBuildFile; fileRef = D678984929E35FE000EC6E11 /* Constants.swift */; };
		D678986D29E4846B00EC6E11 /* CodeTextView.swift in Sources */ = {isa = PBXBuildFile; fileRef = D678986C29E4846B00EC6E11 /* CodeTextView.swift */; };
		D68710C929E0A9870048F30E /* Data.json in Resources */ = {isa = PBXBuildFile; fileRef = D68710C829E0A9870048F30E /* Data.json */; };
		D68710CB29E0AA0F0048F30E /* style.html in Resources */ = {isa = PBXBuildFile; fileRef = D68710CA29E0AA0F0048F30E /* style.html */; };
		D68710CD29E0B10D0048F30E /* Models.swift in Sources */ = {isa = PBXBuildFile; fileRef = D68710CC29E0B10D0048F30E /* Models.swift */; };
		D6998ADC29E0A0D10054A5D9 /* LearningApp.swift in Sources */ = {isa = PBXBuildFile; fileRef = D6998ADB29E0A0D10054A5D9 /* LearningApp.swift */; };
		D6998ADE29E0A0D10054A5D9 /* HomeView.swift in Sources */ = {isa = PBXBuildFile; fileRef = D6998ADD29E0A0D10054A5D9 /* HomeView.swift */; };
		D6998AE029E0A0D20054A5D9 /* Assets.xcassets in Resources */ = {isa = PBXBuildFile; fileRef = D6998ADF29E0A0D20054A5D9 /* Assets.xcassets */; };
		D6998AE329E0A0D20054A5D9 /* Preview Assets.xcassets in Resources */ = {isa = PBXBuildFile; fileRef = D6998AE229E0A0D20054A5D9 /* Preview Assets.xcassets */; };
		D6998AF029E0A2E50054A5D9 /* ContentModel.swift in Sources */ = {isa = PBXBuildFile; fileRef = D6998AEF29E0A2E50054A5D9 /* ContentModel.swift */; };
		D6C5CA3829E9F5B50054CC8B /* ContentDetailView.swift in Sources */ = {isa = PBXBuildFile; fileRef = D6C5CA3729E9F5B50054CC8B /* ContentDetailView.swift */; };
		D6C5CA3A29EB4A2D0054CC8B /* SwiftTestView.swift in Sources */ = {isa = PBXBuildFile; fileRef = D6C5CA3929EB4A2D0054CC8B /* SwiftTestView.swift */; };
		D6D52A4C29F0896C00EB1AC0 /* RectangleCard.swift in Sources */ = {isa = PBXBuildFile; fileRef = D6D52A4B29F0896C00EB1AC0 /* RectangleCard.swift */; };
/* End PBXBuildFile section */

/* Begin PBXFileReference section */
		D6169E9F29E0F36F0093AF70 /* HomeViewRow.swift */ = {isa = PBXFileReference; lastKnownFileType = sourcecode.swift; path = HomeViewRow.swift; sourceTree = "<group>"; };
		D62C567B29F4607300D1032B /* TestResultView.swift */ = {isa = PBXFileReference; lastKnownFileType = sourcecode.swift; path = TestResultView.swift; sourceTree = "<group>"; };
		D678983E29E1FAD800EC6E11 /* ContentView.swift */ = {isa = PBXFileReference; lastKnownFileType = sourcecode.swift; path = ContentView.swift; sourceTree = "<group>"; };
		D678984029E2046900EC6E11 /* ContentViewRow.swift */ = {isa = PBXFileReference; lastKnownFileType = sourcecode.swift; path = ContentViewRow.swift; sourceTree = "<group>"; };
		D678984729E35EC900EC6E11 /* AVKit.framework */ = {isa = PBXFileReference; lastKnownFileType = wrapper.framework; name = AVKit.framework; path = System/Library/Frameworks/AVKit.framework; sourceTree = SDKROOT; };
		D678984929E35FE000EC6E11 /* Constants.swift */ = {isa = PBXFileReference; lastKnownFileType = sourcecode.swift; path = Constants.swift; sourceTree = "<group>"; };
		D678986C29E4846B00EC6E11 /* CodeTextView.swift */ = {isa = PBXFileReference; lastKnownFileType = sourcecode.swift; path = CodeTextView.swift; sourceTree = "<group>"; };
		D68710C829E0A9870048F30E /* Data.json */ = {isa = PBXFileReference; lastKnownFileType = text.json; path = Data.json; sourceTree = "<group>"; };
		D68710CA29E0AA0F0048F30E /* style.html */ = {isa = PBXFileReference; fileEncoding = 4; lastKnownFileType = text.html; path = style.html; sourceTree = "<group>"; };
		D68710CC29E0B10D0048F30E /* Models.swift */ = {isa = PBXFileReference; lastKnownFileType = sourcecode.swift; path = Models.swift; sourceTree = "<group>"; };
		D6998AD829E0A0D10054A5D9 /* LearningApp.app */ = {isa = PBXFileReference; explicitFileType = wrapper.application; includeInIndex = 0; path = LearningApp.app; sourceTree = BUILT_PRODUCTS_DIR; };
		D6998ADB29E0A0D10054A5D9 /* LearningApp.swift */ = {isa = PBXFileReference; lastKnownFileType = sourcecode.swift; path = LearningApp.swift; sourceTree = "<group>"; };
		D6998ADD29E0A0D10054A5D9 /* HomeView.swift */ = {isa = PBXFileReference; lastKnownFileType = sourcecode.swift; path = HomeView.swift; sourceTree = "<group>"; };
		D6998ADF29E0A0D20054A5D9 /* Assets.xcassets */ = {isa = PBXFileReference; lastKnownFileType = folder.assetcatalog; path = Assets.xcassets; sourceTree = "<group>"; };
		D6998AE229E0A0D20054A5D9 /* Preview Assets.xcassets */ = {isa = PBXFileReference; lastKnownFileType = folder.assetcatalog; path = "Preview Assets.xcassets"; sourceTree = "<group>"; };
		D6998AEE29E0A1D50054A5D9 /* README.md */ = {isa = PBXFileReference; lastKnownFileType = net.daringfireball.markdown; path = README.md; sourceTree = "<group>"; };
		D6998AEF29E0A2E50054A5D9 /* ContentModel.swift */ = {isa = PBXFileReference; lastKnownFileType = sourcecode.swift; path = ContentModel.swift; sourceTree = "<group>"; };
		D6C5CA3729E9F5B50054CC8B /* ContentDetailView.swift */ = {isa = PBXFileReference; lastKnownFileType = sourcecode.swift; path = ContentDetailView.swift; sourceTree = "<group>"; };
		D6C5CA3929EB4A2D0054CC8B /* SwiftTestView.swift */ = {isa = PBXFileReference; lastKnownFileType = sourcecode.swift; path = SwiftTestView.swift; sourceTree = "<group>"; };
		D6D52A4B29F0896C00EB1AC0 /* RectangleCard.swift */ = {isa = PBXFileReference; lastKnownFileType = sourcecode.swift; path = RectangleCard.swift; sourceTree = "<group>"; };
/* End PBXFileReference section */

/* Begin PBXFrameworksBuildPhase section */
		D6998AD529E0A0D10054A5D9 /* Frameworks */ = {
			isa = PBXFrameworksBuildPhase;
			buildActionMask = 2147483647;
			files = (
				D678984829E35EC900EC6E11 /* AVKit.framework in Frameworks */,
			);
			runOnlyForDeploymentPostprocessing = 0;
		};
/* End PBXFrameworksBuildPhase section */

/* Begin PBXGroup section */
		D678984629E35EC900EC6E11 /* Frameworks */ = {
			isa = PBXGroup;
			children = (
				D678984729E35EC900EC6E11 /* AVKit.framework */,
			);
			name = Frameworks;
			sourceTree = "<group>";
		};
		D6998ACF29E0A0D10054A5D9 = {
			isa = PBXGroup;
			children = (
				D6998AEE29E0A1D50054A5D9 /* README.md */,
				D6998ADA29E0A0D10054A5D9 /* LearningApp */,
				D6998AD929E0A0D10054A5D9 /* Products */,
				D678984629E35EC900EC6E11 /* Frameworks */,
			);
			sourceTree = "<group>";
		};
		D6998AD929E0A0D10054A5D9 /* Products */ = {
			isa = PBXGroup;
			children = (
				D6998AD829E0A0D10054A5D9 /* LearningApp.app */,
			);
			name = Products;
			sourceTree = "<group>";
		};
		D6998ADA29E0A0D10054A5D9 /* LearningApp */ = {
			isa = PBXGroup;
			children = (
				D6998ADB29E0A0D10054A5D9 /* LearningApp.swift */,
				D6998AE929E0A1220054A5D9 /* Views */,
				D6998AEA29E0A1290054A5D9 /* ViewModels */,
				D6998AEB29E0A13C0054A5D9 /* Models */,
				D6998AEC29E0A1A20054A5D9 /* Resources */,
				D6998AED29E0A1B10054A5D9 /* Helpers */,
				D6998ADF29E0A0D20054A5D9 /* Assets.xcassets */,
				D6998AE129E0A0D20054A5D9 /* Preview Content */,
			);
			path = LearningApp;
			sourceTree = "<group>";
		};
		D6998AE129E0A0D20054A5D9 /* Preview Content */ = {
			isa = PBXGroup;
			children = (
				D6998AE229E0A0D20054A5D9 /* Preview Assets.xcassets */,
			);
			path = "Preview Content";
			sourceTree = "<group>";
		};
		D6998AE929E0A1220054A5D9 /* Views */ = {
			isa = PBXGroup;
			children = (
				D6998ADD29E0A0D10054A5D9 /* HomeView.swift */,
				D6169E9F29E0F36F0093AF70 /* HomeViewRow.swift */,
				D678983E29E1FAD800EC6E11 /* ContentView.swift */,
				D678984029E2046900EC6E11 /* ContentViewRow.swift */,
				D6C5CA3729E9F5B50054CC8B /* ContentDetailView.swift */,
				D6C5CA3929EB4A2D0054CC8B /* SwiftTestView.swift */,
				D62C567B29F4607300D1032B /* TestResultView.swift */,
			);
			path = Views;
			sourceTree = "<group>";
		};
		D6998AEA29E0A1290054A5D9 /* ViewModels */ = {
			isa = PBXGroup;
			children = (
				D6998AEF29E0A2E50054A5D9 /* ContentModel.swift */,
			);
			path = ViewModels;
			sourceTree = "<group>";
		};
		D6998AEB29E0A13C0054A5D9 /* Models */ = {
			isa = PBXGroup;
			children = (
				D68710CC29E0B10D0048F30E /* Models.swift */,
			);
			path = Models;
			sourceTree = "<group>";
		};
		D6998AEC29E0A1A20054A5D9 /* Resources */ = {
			isa = PBXGroup;
			children = (
				D68710CA29E0AA0F0048F30E /* style.html */,
				D68710C829E0A9870048F30E /* Data.json */,
				D678984929E35FE000EC6E11 /* Constants.swift */,
			);
			path = Resources;
			sourceTree = "<group>";
		};
		D6998AED29E0A1B10054A5D9 /* Helpers */ = {
			isa = PBXGroup;
			children = (
				D678986C29E4846B00EC6E11 /* CodeTextView.swift */,
				D6D52A4B29F0896C00EB1AC0 /* RectangleCard.swift */,
			);
			path = Helpers;
			sourceTree = "<group>";
		};
/* End PBXGroup section */

/* Begin PBXNativeTarget section */
		D6998AD729E0A0D10054A5D9 /* LearningApp */ = {
			isa = PBXNativeTarget;
			buildConfigurationList = D6998AE629E0A0D20054A5D9 /* Build configuration list for PBXNativeTarget "LearningApp" */;
			buildPhases = (
				D6998AD429E0A0D10054A5D9 /* Sources */,
				D6998AD529E0A0D10054A5D9 /* Frameworks */,
				D6998AD629E0A0D10054A5D9 /* Resources */,
			);
			buildRules = (
			);
			dependencies = (
			);
			name = LearningApp;
			productName = LearningApp;
			productReference = D6998AD829E0A0D10054A5D9 /* LearningApp.app */;
			productType = "com.apple.product-type.application";
		};
/* End PBXNativeTarget section */

/* Begin PBXProject section */
		D6998AD029E0A0D10054A5D9 /* Project object */ = {
			isa = PBXProject;
			attributes = {
				BuildIndependentTargetsInParallel = 1;
				LastSwiftUpdateCheck = 1420;
				LastUpgradeCheck = 1420;
				TargetAttributes = {
					D6998AD729E0A0D10054A5D9 = {
						CreatedOnToolsVersion = 14.2;
					};
				};
			};
			buildConfigurationList = D6998AD329E0A0D10054A5D9 /* Build configuration list for PBXProject "LearningApp" */;
			compatibilityVersion = "Xcode 14.0";
			developmentRegion = en;
			hasScannedForEncodings = 0;
			knownRegions = (
				en,
				Base,
			);
			mainGroup = D6998ACF29E0A0D10054A5D9;
			productRefGroup = D6998AD929E0A0D10054A5D9 /* Products */;
			projectDirPath = "";
			projectRoot = "";
			targets = (
				D6998AD729E0A0D10054A5D9 /* LearningApp */,
			);
		};
/* End PBXProject section */

/* Begin PBXResourcesBuildPhase section */
		D6998AD629E0A0D10054A5D9 /* Resources */ = {
			isa = PBXResourcesBuildPhase;
			buildActionMask = 2147483647;
			files = (
				D6998AE329E0A0D20054A5D9 /* Preview Assets.xcassets in Resources */,
				D6998AE029E0A0D20054A5D9 /* Assets.xcassets in Resources */,
				D68710CB29E0AA0F0048F30E /* style.html in Resources */,
				D68710C929E0A9870048F30E /* Data.json in Resources */,
			);
			runOnlyForDeploymentPostprocessing = 0;
		};
/* End PBXResourcesBuildPhase section */

/* Begin PBXSourcesBuildPhase section */
		D6998AD429E0A0D10054A5D9 /* Sources */ = {
			isa = PBXSourcesBuildPhase;
			buildActionMask = 2147483647;
			files = (
				D6C5CA3A29EB4A2D0054CC8B /* SwiftTestView.swift in Sources */,
				D62C567C29F4607300D1032B /* TestResultView.swift in Sources */,
				D6998ADE29E0A0D10054A5D9 /* HomeView.swift in Sources */,
				D6169EA029E0F36F0093AF70 /* HomeViewRow.swift in Sources */,
				D678983F29E1FAD800EC6E11 /* ContentView.swift in Sources */,
				D6998ADC29E0A0D10054A5D9 /* LearningApp.swift in Sources */,
				D678984129E2046900EC6E11 /* ContentViewRow.swift in Sources */,
				D678986D29E4846B00EC6E11 /* CodeTextView.swift in Sources */,
				D6998AF029E0A2E50054A5D9 /* ContentModel.swift in Sources */,
				D68710CD29E0B10D0048F30E /* Models.swift in Sources */,
				D6D52A4C29F0896C00EB1AC0 /* RectangleCard.swift in Sources */,
				D678984A29E35FE000EC6E11 /* Constants.swift in Sources */,
				D6C5CA3829E9F5B50054CC8B /* ContentDetailView.swift in Sources */,
			);
			runOnlyForDeploymentPostprocessing = 0;
		};
/* End PBXSourcesBuildPhase section */

/* Begin XCBuildConfiguration section */
		D6998AE429E0A0D20054A5D9 /* Debug */ = {
			isa = XCBuildConfiguration;
			buildSettings = {
				ALWAYS_SEARCH_USER_PATHS = NO;
				CLANG_ANALYZER_NONNULL = YES;
				CLANG_ANALYZER_NUMBER_OBJECT_CONVERSION = YES_AGGRESSIVE;
				CLANG_CXX_LANGUAGE_STANDARD = "gnu++20";
				CLANG_ENABLE_MODULES = YES;
				CLANG_ENABLE_OBJC_ARC = YES;
				CLANG_ENABLE_OBJC_WEAK = YES;
				CLANG_WARN_BLOCK_CAPTURE_AUTORELEASING = YES;
				CLANG_WARN_BOOL_CONVERSION = YES;
				CLANG_WARN_COMMA = YES;
				CLANG_WARN_CONSTANT_CONVERSION = YES;
				CLANG_WARN_DEPRECATED_OBJC_IMPLEMENTATIONS = YES;
				CLANG_WARN_DIRECT_OBJC_ISA_USAGE = YES_ERROR;
				CLANG_WARN_DOCUMENTATION_COMMENTS = YES;
				CLANG_WARN_EMPTY_BODY = YES;
				CLANG_WARN_ENUM_CONVERSION = YES;
				CLANG_WARN_INFINITE_RECURSION = YES;
				CLANG_WARN_INT_CONVERSION = YES;
				CLANG_WARN_NON_LITERAL_NULL_CONVERSION = YES;
				CLANG_WARN_OBJC_IMPLICIT_RETAIN_SELF = YES;
				CLANG_WARN_OBJC_LITERAL_CONVERSION = YES;
				CLANG_WARN_OBJC_ROOT_CLASS = YES_ERROR;
				CLANG_WARN_QUOTED_INCLUDE_IN_FRAMEWORK_HEADER = YES;
				CLANG_WARN_RANGE_LOOP_ANALYSIS = YES;
				CLANG_WARN_STRICT_PROTOTYPES = YES;
				CLANG_WARN_SUSPICIOUS_MOVE = YES;
				CLANG_WARN_UNGUARDED_AVAILABILITY = YES_AGGRESSIVE;
				CLANG_WARN_UNREACHABLE_CODE = YES;
				CLANG_WARN__DUPLICATE_METHOD_MATCH = YES;
				COPY_PHASE_STRIP = NO;
				DEBUG_INFORMATION_FORMAT = dwarf;
				ENABLE_STRICT_OBJC_MSGSEND = YES;
				ENABLE_TESTABILITY = YES;
				GCC_C_LANGUAGE_STANDARD = gnu11;
				GCC_DYNAMIC_NO_PIC = NO;
				GCC_NO_COMMON_BLOCKS = YES;
				GCC_OPTIMIZATION_LEVEL = 0;
				GCC_PREPROCESSOR_DEFINITIONS = (
					"DEBUG=1",
					"$(inherited)",
				);
				GCC_WARN_64_TO_32_BIT_CONVERSION = YES;
				GCC_WARN_ABOUT_RETURN_TYPE = YES_ERROR;
				GCC_WARN_UNDECLARED_SELECTOR = YES;
				GCC_WARN_UNINITIALIZED_AUTOS = YES_AGGRESSIVE;
				GCC_WARN_UNUSED_FUNCTION = YES;
				GCC_WARN_UNUSED_VARIABLE = YES;
				IPHONEOS_DEPLOYMENT_TARGET = 16.2;
				MTL_ENABLE_DEBUG_INFO = INCLUDE_SOURCE;
				MTL_FAST_MATH = YES;
				ONLY_ACTIVE_ARCH = YES;
				SDKROOT = iphoneos;
				SWIFT_ACTIVE_COMPILATION_CONDITIONS = DEBUG;
				SWIFT_OPTIMIZATION_LEVEL = "-Onone";
			};
			name = Debug;
		};
		D6998AE529E0A0D20054A5D9 /* Release */ = {
			isa = XCBuildConfiguration;
			buildSettings = {
				ALWAYS_SEARCH_USER_PATHS = NO;
				CLANG_ANALYZER_NONNULL = YES;
				CLANG_ANALYZER_NUMBER_OBJECT_CONVERSION = YES_AGGRESSIVE;
				CLANG_CXX_LANGUAGE_STANDARD = "gnu++20";
				CLANG_ENABLE_MODULES = YES;
				CLANG_ENABLE_OBJC_ARC = YES;
				CLANG_ENABLE_OBJC_WEAK = YES;
				CLANG_WARN_BLOCK_CAPTURE_AUTORELEASING = YES;
				CLANG_WARN_BOOL_CONVERSION = YES;
				CLANG_WARN_COMMA = YES;
				CLANG_WARN_CONSTANT_CONVERSION = YES;
				CLANG_WARN_DEPRECATED_OBJC_IMPLEMENTATIONS = YES;
				CLANG_WARN_DIRECT_OBJC_ISA_USAGE = YES_ERROR;
				CLANG_WARN_DOCUMENTATION_COMMENTS = YES;
				CLANG_WARN_EMPTY_BODY = YES;
				CLANG_WARN_ENUM_CONVERSION = YES;
				CLANG_WARN_INFINITE_RECURSION = YES;
				CLANG_WARN_INT_CONVERSION = YES;
				CLANG_WARN_NON_LITERAL_NULL_CONVERSION = YES;
				CLANG_WARN_OBJC_IMPLICIT_RETAIN_SELF = YES;
				CLANG_WARN_OBJC_LITERAL_CONVERSION = YES;
				CLANG_WARN_OBJC_ROOT_CLASS = YES_ERROR;
				CLANG_WARN_QUOTED_INCLUDE_IN_FRAMEWORK_HEADER = YES;
				CLANG_WARN_RANGE_LOOP_ANALYSIS = YES;
				CLANG_WARN_STRICT_PROTOTYPES = YES;
				CLANG_WARN_SUSPICIOUS_MOVE = YES;
				CLANG_WARN_UNGUARDED_AVAILABILITY = YES_AGGRESSIVE;
				CLANG_WARN_UNREACHABLE_CODE = YES;
				CLANG_WARN__DUPLICATE_METHOD_MATCH = YES;
				COPY_PHASE_STRIP = NO;
				DEBUG_INFORMATION_FORMAT = "dwarf-with-dsym";
				ENABLE_NS_ASSERTIONS = NO;
				ENABLE_STRICT_OBJC_MSGSEND = YES;
				GCC_C_LANGUAGE_STANDARD = gnu11;
				GCC_NO_COMMON_BLOCKS = YES;
				GCC_WARN_64_TO_32_BIT_CONVERSION = YES;
				GCC_WARN_ABOUT_RETURN_TYPE = YES_ERROR;
				GCC_WARN_UNDECLARED_SELECTOR = YES;
				GCC_WARN_UNINITIALIZED_AUTOS = YES_AGGRESSIVE;
				GCC_WARN_UNUSED_FUNCTION = YES;
				GCC_WARN_UNUSED_VARIABLE = YES;
				IPHONEOS_DEPLOYMENT_TARGET = 16.2;
				MTL_ENABLE_DEBUG_INFO = NO;
				MTL_FAST_MATH = YES;
				SDKROOT = iphoneos;
				SWIFT_COMPILATION_MODE = wholemodule;
				SWIFT_OPTIMIZATION_LEVEL = "-O";
				VALIDATE_PRODUCT = YES;
			};
			name = Release;
		};
		D6998AE729E0A0D20054A5D9 /* Debug */ = {
			isa = XCBuildConfiguration;
			buildSettings = {
				ASSETCATALOG_COMPILER_APPICON_NAME = AppIcon;
				ASSETCATALOG_COMPILER_GLOBAL_ACCENT_COLOR_NAME = AccentColor;
				CODE_SIGN_STYLE = Automatic;
				CURRENT_PROJECT_VERSION = 1;
				DEVELOPMENT_ASSET_PATHS = "\"LearningApp/Preview Content\"";
				ENABLE_PREVIEWS = YES;
				GENERATE_INFOPLIST_FILE = YES;
				INFOPLIST_KEY_UIApplicationSceneManifest_Generation = YES;
				INFOPLIST_KEY_UIApplicationSupportsIndirectInputEvents = YES;
				INFOPLIST_KEY_UILaunchScreen_Generation = YES;
				INFOPLIST_KEY_UISupportedInterfaceOrientations_iPad = "UIInterfaceOrientationPortrait UIInterfaceOrientationPortraitUpsideDown UIInterfaceOrientationLandscapeLeft UIInterfaceOrientationLandscapeRight";
				INFOPLIST_KEY_UISupportedInterfaceOrientations_iPhone = "UIInterfaceOrientationPortrait UIInterfaceOrientationLandscapeLeft UIInterfaceOrientationLandscapeRight";
				LD_RUNPATH_SEARCH_PATHS = (
					"$(inherited)",
					"@executable_path/Frameworks",
				);
				MARKETING_VERSION = 1.0;
				PRODUCT_BUNDLE_IDENTIFIER = com.LearningApp.LearningApp;
				PRODUCT_NAME = "$(TARGET_NAME)";
				SWIFT_EMIT_LOC_STRINGS = YES;
				SWIFT_VERSION = 5.0;
				TARGETED_DEVICE_FAMILY = "1,2";
			};
			name = Debug;
		};
		D6998AE829E0A0D20054A5D9 /* Release */ = {
			isa = XCBuildConfiguration;
			buildSettings = {
				ASSETCATALOG_COMPILER_APPICON_NAME = AppIcon;
				ASSETCATALOG_COMPILER_GLOBAL_ACCENT_COLOR_NAME = AccentColor;
				CODE_SIGN_STYLE = Automatic;
				CURRENT_PROJECT_VERSION = 1;
				DEVELOPMENT_ASSET_PATHS = "\"LearningApp/Preview Content\"";
				ENABLE_PREVIEWS = YES;
				GENERATE_INFOPLIST_FILE = YES;
				INFOPLIST_KEY_UIApplicationSceneManifest_Generation = YES;
				INFOPLIST_KEY_UIApplicationSupportsIndirectInputEvents = YES;
				INFOPLIST_KEY_UILaunchScreen_Generation = YES;
				INFOPLIST_KEY_UISupportedInterfaceOrientations_iPad = "UIInterfaceOrientationPortrait UIInterfaceOrientationPortraitUpsideDown UIInterfaceOrientationLandscapeLeft UIInterfaceOrientationLandscapeRight";
				INFOPLIST_KEY_UISupportedInterfaceOrientations_iPhone = "UIInterfaceOrientationPortrait UIInterfaceOrientationLandscapeLeft UIInterfaceOrientationLandscapeRight";
				LD_RUNPATH_SEARCH_PATHS = (
					"$(inherited)",
					"@executable_path/Frameworks",
				);
				MARKETING_VERSION = 1.0;
				PRODUCT_BUNDLE_IDENTIFIER = com.LearningApp.LearningApp;
				PRODUCT_NAME = "$(TARGET_NAME)";
				SWIFT_EMIT_LOC_STRINGS = YES;
				SWIFT_VERSION = 5.0;
				TARGETED_DEVICE_FAMILY = "1,2";
			};
			name = Release;
		};
/* End XCBuildConfiguration section */

/* Begin XCConfigurationList section */
		D6998AD329E0A0D10054A5D9 /* Build configuration list for PBXProject "LearningApp" */ = {
			isa = XCConfigurationList;
			buildConfigurations = (
				D6998AE429E0A0D20054A5D9 /* Debug */,
				D6998AE529E0A0D20054A5D9 /* Release */,
			);
			defaultConfigurationIsVisible = 0;
			defaultConfigurationName = Release;
		};
		D6998AE629E0A0D20054A5D9 /* Build configuration list for PBXNativeTarget "LearningApp" */ = {
			isa = XCConfigurationList;
			buildConfigurations = (
				D6998AE729E0A0D20054A5D9 /* Debug */,
				D6998AE829E0A0D20054A5D9 /* Release */,
			);
			defaultConfigurationIsVisible = 0;
			defaultConfigurationName = Release;
		};
/* End XCConfigurationList section */
	};
	rootObject = D6998AD029E0A0D10054A5D9 /* Project object */;
}
